
Microsoft Visual Studio Solution File, Format Version 12.00
# Visual Studio Version 17
VisualStudioVersion = 17.11.35431.28
MinimumVisualStudioVersion = 10.0.40219.1
Project("{FAE04EC0-301F-11D3-BF4B-00C04F79EFBC}") = "1. NestedLoop", "1. NestedLoop\1. NestedLoop.csproj", "{AFD97282-98C3-435B-856B-CB623F7A7C0B}"
EndProject
Global
	GlobalSection(SolutionConfigurationPlatforms) = preSolution
		Debug|Any CPU = Debug|Any CPU
		Release|Any CPU = Release|Any CPU
	EndGlobalSection
	GlobalSection(ProjectConfigurationPlatforms) = postSolution
		{AFD97282-98C3-435B-856B-CB623F7A7C0B}.Debug|Any CPU.ActiveCfg = Debug|Any CPU
		{AFD97282-98C3-435B-856B-CB623F7A7C0B}.Debug|Any CPU.Build.0 = Debug|Any CPU
		{AFD97282-98C3-435B-856B-CB623F7A7C0B}.Release|Any CPU.ActiveCfg = Release|Any CPU
		{AFD97282-98C3-435B-856B-CB623F7A7C0B}.Release|Any CPU.Build.0 = Release|Any CPU
	EndGlobalSection
	GlobalSection(SolutionProperties) = preSolution
		HideSolutionNode = FALSE
	EndGlobalSection
	GlobalSection(ExtensibilityGlobals) = postSolution
		SolutionGuid = {2A63742E-CEB2-4008-9298-939CB9DD7150}
	EndGlobalSection
EndGlobal
